// !$*UTF8*$!
{
	archiveVersion = 1;
	classes = {
	};
	objectVersion = 56;
	objects = {

/* Begin PBXBuildFile section */
		4F270A322927B254006F0EC7 /* ChallengeWatchView.swift in Sources */ = {isa = PBXBuildFile; fileRef = 4F270A312927B254006F0EC7 /* ChallengeWatchView.swift */; };
		4F4D8E07292675500081403E /* Aranha.mp3 in Resources */ = {isa = PBXBuildFile; fileRef = 4F4D8E04292675500081403E /* Aranha.mp3 */; };
		4F4D8E08292675500081403E /* Borboleta.mp3 in Resources */ = {isa = PBXBuildFile; fileRef = 4F4D8E05292675500081403E /* Borboleta.mp3 */; };
		4F4D8E09292675500081403E /* Barata.mp3 in Resources */ = {isa = PBXBuildFile; fileRef = 4F4D8E06292675500081403E /* Barata.mp3 */; };
		4F92C5E229192DDD002FA763 /* OrkhestraApp.swift in Sources */ = {isa = PBXBuildFile; fileRef = 4F92C5E129192DDD002FA763 /* OrkhestraApp.swift */; };
		4F92C5E429192DDD002FA763 /* HistoryView.swift in Sources */ = {isa = PBXBuildFile; fileRef = 4F92C5E329192DDD002FA763 /* HistoryView.swift */; };
		4F92C5E629192DDE002FA763 /* Assets.xcassets in Resources */ = {isa = PBXBuildFile; fileRef = 4F92C5E529192DDE002FA763 /* Assets.xcassets */; };
		4F92C5E929192DDE002FA763 /* Preview Assets.xcassets in Resources */ = {isa = PBXBuildFile; fileRef = 4F92C5E829192DDE002FA763 /* Preview Assets.xcassets */; };
		4FA7A87F292AE6BD0018B8A7 /* PlayOrkhestraView.swift in Sources */ = {isa = PBXBuildFile; fileRef = 4FA7A87E292AE6BD0018B8A7 /* PlayOrkhestraView.swift */; };
		4FDEB6B3292513EA00324B24 /* Piano.mp3 in Resources */ = {isa = PBXBuildFile; fileRef = 4FDEB6AD292513EA00324B24 /* Piano.mp3 */; };
		4FDEB6B4292513EA00324B24 /* Pandeiro.mp3 in Resources */ = {isa = PBXBuildFile; fileRef = 4FDEB6AE292513EA00324B24 /* Pandeiro.mp3 */; };
		4FDEB6B5292513EA00324B24 /* Chocalho.mp3 in Resources */ = {isa = PBXBuildFile; fileRef = 4FDEB6AF292513EA00324B24 /* Chocalho.mp3 */; };
		4FDEB6B6292513EA00324B24 /* Flauta.mp3 in Resources */ = {isa = PBXBuildFile; fileRef = 4FDEB6B0292513EA00324B24 /* Flauta.mp3 */; };
		4FDEB6B7292513EA00324B24 /* Sax.mp3 in Resources */ = {isa = PBXBuildFile; fileRef = 4FDEB6B1292513EA00324B24 /* Sax.mp3 */; };
		4FDEB6B8292513EA00324B24 /* Violão.mp3 in Resources */ = {isa = PBXBuildFile; fileRef = 4FDEB6B2292513EA00324B24 /* Violão.mp3 */; };
		4FDEB6C0292517E500324B24 /* OrkhestraWatchApp.swift in Sources */ = {isa = PBXBuildFile; fileRef = 4FDEB6BF292517E500324B24 /* OrkhestraWatchApp.swift */; };
		4FDEB6C2292517E500324B24 /* MenuViewWatchApp.swift in Sources */ = {isa = PBXBuildFile; fileRef = 4FDEB6C1292517E500324B24 /* MenuViewWatchApp.swift */; };
		4FDEB6C4292517E600324B24 /* Assets.xcassets in Resources */ = {isa = PBXBuildFile; fileRef = 4FDEB6C3292517E600324B24 /* Assets.xcassets */; };
		4FDEB6C7292517E600324B24 /* Preview Assets.xcassets in Resources */ = {isa = PBXBuildFile; fileRef = 4FDEB6C6292517E600324B24 /* Preview Assets.xcassets */; };
		4FDEB6CC2925277A00324B24 /* InstrumentsView.swift in Sources */ = {isa = PBXBuildFile; fileRef = 4FDEB6CB2925277A00324B24 /* InstrumentsView.swift */; };
		4FE7AABB2927BD8C007CFC0E /* CircularProgressView.swift in Sources */ = {isa = PBXBuildFile; fileRef = 4FE7AABA2927BD8C007CFC0E /* CircularProgressView.swift */; };
		8B90C807292274E400AC0F11 /* HistoryModel.swift in Sources */ = {isa = PBXBuildFile; fileRef = 8B90C806292274E400AC0F11 /* HistoryModel.swift */; };
		8BA409AF2927FCDC000FF0F0 /* HistoryModelWatchApp.swift in Sources */ = {isa = PBXBuildFile; fileRef = 8BA409AE2927FCDC000FF0F0 /* HistoryModelWatchApp.swift */; };
		8BA409B22928047D000FF0F0 /* HistoryViewModel.swift in Sources */ = {isa = PBXBuildFile; fileRef = 8BA409B12928047D000FF0F0 /* HistoryViewModel.swift */; };
		8BA409B42929D2B3000FF0F0 /* InstrumentModel.swift in Sources */ = {isa = PBXBuildFile; fileRef = 8BA409B32929D2B3000FF0F0 /* InstrumentModel.swift */; };
		8BA409B6292A99BC000FF0F0 /* Extensions.swift in Sources */ = {isa = PBXBuildFile; fileRef = 8BA409B5292A99BC000FF0F0 /* Extensions.swift */; };
		8BB2D771291D376B007F8043 /* CountDownView.swift in Sources */ = {isa = PBXBuildFile; fileRef = 8BB2D770291D376B007F8043 /* CountDownView.swift */; };
		8BB2D775291E093D007F8043 /* OrchestraView.swift in Sources */ = {isa = PBXBuildFile; fileRef = 8BB2D774291E093D007F8043 /* OrchestraView.swift */; };
		8BC16099291A9C0900A73AD6 /* CardModel.swift in Sources */ = {isa = PBXBuildFile; fileRef = 8BC16098291A9C0900A73AD6 /* CardModel.swift */; };
		8BC1609B291A9DA700A73AD6 /* CardView.swift in Sources */ = {isa = PBXBuildFile; fileRef = 8BC1609A291A9DA700A73AD6 /* CardView.swift */; };
		8BC1609D291AA44C00A73AD6 /* GameView.swift in Sources */ = {isa = PBXBuildFile; fileRef = 8BC1609C291AA44C00A73AD6 /* GameView.swift */; };
		8BD111B5291BF9A000F77DEA /* AudioManager.swift in Sources */ = {isa = PBXBuildFile; fileRef = 8BD111B4291BF9A000F77DEA /* AudioManager.swift */; };
		8BEBCAD1292B02F300F53786 /* Pandeiro.mp3 in Resources */ = {isa = PBXBuildFile; fileRef = 8BEBCACB292B02F300F53786 /* Pandeiro.mp3 */; };
		8BEBCAD2292B02F300F53786 /* Sax.mp3 in Resources */ = {isa = PBXBuildFile; fileRef = 8BEBCACC292B02F300F53786 /* Sax.mp3 */; };
		8BEBCAD3292B02F300F53786 /* Piano.mp3 in Resources */ = {isa = PBXBuildFile; fileRef = 8BEBCACD292B02F300F53786 /* Piano.mp3 */; };
		8BEBCAD4292B02F300F53786 /* Chocalho.mp3 in Resources */ = {isa = PBXBuildFile; fileRef = 8BEBCACE292B02F300F53786 /* Chocalho.mp3 */; };
		8BEBCAD5292B02F300F53786 /* Flauta.mp3 in Resources */ = {isa = PBXBuildFile; fileRef = 8BEBCACF292B02F300F53786 /* Flauta.mp3 */; };
		8BEBCAD6292B02F300F53786 /* Violão.mp3 in Resources */ = {isa = PBXBuildFile; fileRef = 8BEBCAD0292B02F300F53786 /* Violão.mp3 */; };
		9C271CB52927E80800EFB73F /* AudioModel.swift in Sources */ = {isa = PBXBuildFile; fileRef = 9C271CB42927E80800EFB73F /* AudioModel.swift */; };
		9C271CBD2927E84900EFB73F /* Pandeiro.mp3 in Resources */ = {isa = PBXBuildFile; fileRef = 9C271CB72927E84900EFB73F /* Pandeiro.mp3 */; };
		9C271CBE2927E84900EFB73F /* Chocalho.mp3 in Resources */ = {isa = PBXBuildFile; fileRef = 9C271CB82927E84900EFB73F /* Chocalho.mp3 */; };
		9C271CBF2927E84900EFB73F /* Flauta.mp3 in Resources */ = {isa = PBXBuildFile; fileRef = 9C271CB92927E84900EFB73F /* Flauta.mp3 */; };
		9C271CC02927E84900EFB73F /* Saxofone.mp3 in Resources */ = {isa = PBXBuildFile; fileRef = 9C271CBA2927E84900EFB73F /* Saxofone.mp3 */; };
		9C271CC12927E84900EFB73F /* Piano.mp3 in Resources */ = {isa = PBXBuildFile; fileRef = 9C271CBB2927E84900EFB73F /* Piano.mp3 */; };
		9C271CC22927E84900EFB73F /* Violão.mp3 in Resources */ = {isa = PBXBuildFile; fileRef = 9C271CBC2927E84900EFB73F /* Violão.mp3 */; };
		9C53490A291BE61500899721 /* RubikBubbles-Regular.ttf in Resources */ = {isa = PBXBuildFile; fileRef = 9C534909291BE61500899721 /* RubikBubbles-Regular.ttf */; };
		9CA52FE7291A1DD60030C96B /* SheetView.swift in Sources */ = {isa = PBXBuildFile; fileRef = 9CA52FE6291A1DD60030C96B /* SheetView.swift */; };
		9CDB40BD291B4B940077D0EF /* HistoryViewModel.swift in Sources */ = {isa = PBXBuildFile; fileRef = 9CDB40BC291B4B940077D0EF /* HistoryViewModel.swift */; };
/* End PBXBuildFile section */

/* Begin PBXFileReference section */
		4F270A312927B254006F0EC7 /* ChallengeWatchView.swift */ = {isa = PBXFileReference; lastKnownFileType = sourcecode.swift; path = ChallengeWatchView.swift; sourceTree = "<group>"; };
		4F4D8E04292675500081403E /* Aranha.mp3 */ = {isa = PBXFileReference; lastKnownFileType = audio.mp3; path = Aranha.mp3; sourceTree = "<group>"; };
		4F4D8E05292675500081403E /* Borboleta.mp3 */ = {isa = PBXFileReference; lastKnownFileType = audio.mp3; path = Borboleta.mp3; sourceTree = "<group>"; };
		4F4D8E06292675500081403E /* Barata.mp3 */ = {isa = PBXFileReference; lastKnownFileType = audio.mp3; path = Barata.mp3; sourceTree = "<group>"; };
		4F92C5DE29192DDD002FA763 /* Challenge05.app */ = {isa = PBXFileReference; explicitFileType = wrapper.application; includeInIndex = 0; path = Challenge05.app; sourceTree = BUILT_PRODUCTS_DIR; };
		4F92C5E129192DDD002FA763 /* OrkhestraApp.swift */ = {isa = PBXFileReference; lastKnownFileType = sourcecode.swift; path = OrkhestraApp.swift; sourceTree = "<group>"; };
		4F92C5E329192DDD002FA763 /* HistoryView.swift */ = {isa = PBXFileReference; lastKnownFileType = sourcecode.swift; path = HistoryView.swift; sourceTree = "<group>"; };
		4F92C5E529192DDE002FA763 /* Assets.xcassets */ = {isa = PBXFileReference; lastKnownFileType = folder.assetcatalog; path = Assets.xcassets; sourceTree = "<group>"; };
		4F92C5E829192DDE002FA763 /* Preview Assets.xcassets */ = {isa = PBXFileReference; lastKnownFileType = folder.assetcatalog; path = "Preview Assets.xcassets"; sourceTree = "<group>"; };
		4FA7A87E292AE6BD0018B8A7 /* PlayOrkhestraView.swift */ = {isa = PBXFileReference; lastKnownFileType = sourcecode.swift; path = PlayOrkhestraView.swift; sourceTree = "<group>"; };
		4FDEB6AD292513EA00324B24 /* Piano.mp3 */ = {isa = PBXFileReference; lastKnownFileType = audio.mp3; path = Piano.mp3; sourceTree = "<group>"; };
		4FDEB6AE292513EA00324B24 /* Pandeiro.mp3 */ = {isa = PBXFileReference; lastKnownFileType = audio.mp3; path = Pandeiro.mp3; sourceTree = "<group>"; };
		4FDEB6AF292513EA00324B24 /* Chocalho.mp3 */ = {isa = PBXFileReference; lastKnownFileType = audio.mp3; path = Chocalho.mp3; sourceTree = "<group>"; };
		4FDEB6B0292513EA00324B24 /* Flauta.mp3 */ = {isa = PBXFileReference; lastKnownFileType = audio.mp3; path = Flauta.mp3; sourceTree = "<group>"; };
		4FDEB6B1292513EA00324B24 /* Sax.mp3 */ = {isa = PBXFileReference; lastKnownFileType = audio.mp3; path = Sax.mp3; sourceTree = "<group>"; };
		4FDEB6B2292513EA00324B24 /* Violão.mp3 */ = {isa = PBXFileReference; lastKnownFileType = audio.mp3; path = "Violão.mp3"; sourceTree = "<group>"; };
		4FDEB6BD292517E500324B24 /* orkhestraWatch Watch App.app */ = {isa = PBXFileReference; explicitFileType = wrapper.application; includeInIndex = 0; path = "orkhestraWatch Watch App.app"; sourceTree = BUILT_PRODUCTS_DIR; };
		4FDEB6BF292517E500324B24 /* OrkhestraWatchApp.swift */ = {isa = PBXFileReference; lastKnownFileType = sourcecode.swift; path = OrkhestraWatchApp.swift; sourceTree = "<group>"; };
		4FDEB6C1292517E500324B24 /* MenuViewWatchApp.swift */ = {isa = PBXFileReference; lastKnownFileType = sourcecode.swift; path = MenuViewWatchApp.swift; sourceTree = "<group>"; };
		4FDEB6C3292517E600324B24 /* Assets.xcassets */ = {isa = PBXFileReference; lastKnownFileType = folder.assetcatalog; path = Assets.xcassets; sourceTree = "<group>"; };
		4FDEB6C6292517E600324B24 /* Preview Assets.xcassets */ = {isa = PBXFileReference; lastKnownFileType = folder.assetcatalog; path = "Preview Assets.xcassets"; sourceTree = "<group>"; };
		4FDEB6CB2925277A00324B24 /* InstrumentsView.swift */ = {isa = PBXFileReference; lastKnownFileType = sourcecode.swift; path = InstrumentsView.swift; sourceTree = "<group>"; };
		4FE7AABA2927BD8C007CFC0E /* CircularProgressView.swift */ = {isa = PBXFileReference; lastKnownFileType = sourcecode.swift; path = CircularProgressView.swift; sourceTree = "<group>"; };
		8B90C806292274E400AC0F11 /* HistoryModel.swift */ = {isa = PBXFileReference; lastKnownFileType = sourcecode.swift; name = HistoryModel.swift; path = Challenge05/Views/HistoryModel.swift; sourceTree = SOURCE_ROOT; };
		8BA409AE2927FCDC000FF0F0 /* HistoryModelWatchApp.swift */ = {isa = PBXFileReference; lastKnownFileType = sourcecode.swift; path = HistoryModelWatchApp.swift; sourceTree = "<group>"; };
		8BA409B12928047D000FF0F0 /* HistoryViewModel.swift */ = {isa = PBXFileReference; lastKnownFileType = sourcecode.swift; path = HistoryViewModel.swift; sourceTree = "<group>"; };
		8BA409B32929D2B3000FF0F0 /* InstrumentModel.swift */ = {isa = PBXFileReference; lastKnownFileType = sourcecode.swift; path = InstrumentModel.swift; sourceTree = "<group>"; };
		8BA409B5292A99BC000FF0F0 /* Extensions.swift */ = {isa = PBXFileReference; lastKnownFileType = sourcecode.swift; path = Extensions.swift; sourceTree = "<group>"; };
		8BB2D770291D376B007F8043 /* CountDownView.swift */ = {isa = PBXFileReference; lastKnownFileType = sourcecode.swift; path = CountDownView.swift; sourceTree = "<group>"; };
		8BB2D774291E093D007F8043 /* OrchestraView.swift */ = {isa = PBXFileReference; lastKnownFileType = sourcecode.swift; path = OrchestraView.swift; sourceTree = "<group>"; };
		8BC16098291A9C0900A73AD6 /* CardModel.swift */ = {isa = PBXFileReference; lastKnownFileType = sourcecode.swift; name = CardModel.swift; path = Challenge05/Views/CardModel.swift; sourceTree = SOURCE_ROOT; };
		8BC1609A291A9DA700A73AD6 /* CardView.swift */ = {isa = PBXFileReference; lastKnownFileType = sourcecode.swift; path = CardView.swift; sourceTree = "<group>"; };
		8BC1609C291AA44C00A73AD6 /* GameView.swift */ = {isa = PBXFileReference; lastKnownFileType = sourcecode.swift; path = GameView.swift; sourceTree = "<group>"; };
		8BD111B4291BF9A000F77DEA /* AudioManager.swift */ = {isa = PBXFileReference; lastKnownFileType = sourcecode.swift; name = AudioManager.swift; path = Challenge05/Views/AudioManager.swift; sourceTree = SOURCE_ROOT; };
		8BEBCACB292B02F300F53786 /* Pandeiro.mp3 */ = {isa = PBXFileReference; lastKnownFileType = audio.mp3; path = Pandeiro.mp3; sourceTree = "<group>"; };
		8BEBCACC292B02F300F53786 /* Sax.mp3 */ = {isa = PBXFileReference; lastKnownFileType = audio.mp3; path = Sax.mp3; sourceTree = "<group>"; };
		8BEBCACD292B02F300F53786 /* Piano.mp3 */ = {isa = PBXFileReference; lastKnownFileType = audio.mp3; path = Piano.mp3; sourceTree = "<group>"; };
		8BEBCACE292B02F300F53786 /* Chocalho.mp3 */ = {isa = PBXFileReference; lastKnownFileType = audio.mp3; path = Chocalho.mp3; sourceTree = "<group>"; };
		8BEBCACF292B02F300F53786 /* Flauta.mp3 */ = {isa = PBXFileReference; lastKnownFileType = audio.mp3; path = Flauta.mp3; sourceTree = "<group>"; };
		8BEBCAD0292B02F300F53786 /* Violão.mp3 */ = {isa = PBXFileReference; lastKnownFileType = audio.mp3; path = "Violão.mp3"; sourceTree = "<group>"; };
		9C271CB42927E80800EFB73F /* AudioModel.swift */ = {isa = PBXFileReference; lastKnownFileType = sourcecode.swift; path = AudioModel.swift; sourceTree = "<group>"; };
		9C271CB72927E84900EFB73F /* Pandeiro.mp3 */ = {isa = PBXFileReference; lastKnownFileType = audio.mp3; name = Pandeiro.mp3; path = Challenge05/Music/Sounds/Pandeiro.mp3; sourceTree = SOURCE_ROOT; };
		9C271CB82927E84900EFB73F /* Chocalho.mp3 */ = {isa = PBXFileReference; lastKnownFileType = audio.mp3; name = Chocalho.mp3; path = Challenge05/Music/Sounds/Chocalho.mp3; sourceTree = SOURCE_ROOT; };
		9C271CB92927E84900EFB73F /* Flauta.mp3 */ = {isa = PBXFileReference; lastKnownFileType = audio.mp3; name = Flauta.mp3; path = Challenge05/Music/Sounds/Flauta.mp3; sourceTree = SOURCE_ROOT; };
		9C271CBA2927E84900EFB73F /* Saxofone.mp3 */ = {isa = PBXFileReference; lastKnownFileType = audio.mp3; name = Saxofone.mp3; path = Challenge05/Music/Sounds/Saxofone.mp3; sourceTree = SOURCE_ROOT; };
		9C271CBB2927E84900EFB73F /* Piano.mp3 */ = {isa = PBXFileReference; lastKnownFileType = audio.mp3; name = Piano.mp3; path = Challenge05/Music/Sounds/Piano.mp3; sourceTree = SOURCE_ROOT; };
		9C271CBC2927E84900EFB73F /* Violão.mp3 */ = {isa = PBXFileReference; lastKnownFileType = audio.mp3; name = "Violão.mp3"; path = "Challenge05/Music/Sounds/Violão.mp3"; sourceTree = SOURCE_ROOT; };
		9C534909291BE61500899721 /* RubikBubbles-Regular.ttf */ = {isa = PBXFileReference; lastKnownFileType = file; path = "RubikBubbles-Regular.ttf"; sourceTree = "<group>"; };
		9C53490D291BE96A00899721 /* Info.plist */ = {isa = PBXFileReference; lastKnownFileType = text.plist; path = Info.plist; sourceTree = "<group>"; };
		9CA52FE6291A1DD60030C96B /* SheetView.swift */ = {isa = PBXFileReference; lastKnownFileType = sourcecode.swift; path = SheetView.swift; sourceTree = "<group>"; };
		9CDB40BC291B4B940077D0EF /* HistoryViewModel.swift */ = {isa = PBXFileReference; lastKnownFileType = sourcecode.swift; path = HistoryViewModel.swift; sourceTree = "<group>"; };
/* End PBXFileReference section */

/* Begin PBXFrameworksBuildPhase section */
		4F92C5DB29192DDD002FA763 /* Frameworks */ = {
			isa = PBXFrameworksBuildPhase;
			buildActionMask = 2147483647;
			files = (
			);
			runOnlyForDeploymentPostprocessing = 0;
		};
		4FDEB6BA292517E500324B24 /* Frameworks */ = {
			isa = PBXFrameworksBuildPhase;
			buildActionMask = 2147483647;
			files = (
			);
			runOnlyForDeploymentPostprocessing = 0;
		};
/* End PBXFrameworksBuildPhase section */

/* Begin PBXGroup section */
		4F4D8E0A292675580081403E /* Music */ = {
			isa = PBXGroup;
			children = (
				4F4D8E06292675500081403E /* Barata.mp3 */,
				4F4D8E04292675500081403E /* Aranha.mp3 */,
				4F4D8E05292675500081403E /* Borboleta.mp3 */,
			);
			path = Music;
			sourceTree = "<group>";
		};
		4F92C5D529192DDD002FA763 = {
			isa = PBXGroup;
			children = (
				4F92C5E029192DDD002FA763 /* Challenge05 */,
				4FDEB6BE292517E500324B24 /* OrkhestraWatch Watch App */,
				4F92C5DF29192DDD002FA763 /* Products */,
			);
			sourceTree = "<group>";
		};
		4F92C5DF29192DDD002FA763 /* Products */ = {
			isa = PBXGroup;
			children = (
				4F92C5DE29192DDD002FA763 /* Challenge05.app */,
				4FDEB6BD292517E500324B24 /* orkhestraWatch Watch App.app */,
			);
			name = Products;
			sourceTree = "<group>";
		};
		4F92C5E029192DDD002FA763 /* Challenge05 */ = {
			isa = PBXGroup;
			children = (
				8BEBCACA292B02F300F53786 /* Sounds */,
				9C53490D291BE96A00899721 /* Info.plist */,
				9C534907291BE4C500899721 /* Fonts */,
				4F4D8E0A292675580081403E /* Music */,
				9C41385D2919416200AB8F60 /* Models */,
				9C41385C2919414C00AB8F60 /* Views */,
				9C41385B2919413B00AB8F60 /* ViewModels */,
				4F92C5E129192DDD002FA763 /* OrkhestraApp.swift */,
				4F92C5E529192DDE002FA763 /* Assets.xcassets */,
				4F92C5E729192DDE002FA763 /* Preview Content */,
				8BA409B5292A99BC000FF0F0 /* Extensions.swift */,
			);
			path = Challenge05;
			sourceTree = "<group>";
		};
		4F92C5E729192DDE002FA763 /* Preview Content */ = {
			isa = PBXGroup;
			children = (
				4F92C5E829192DDE002FA763 /* Preview Assets.xcassets */,
			);
			path = "Preview Content";
			sourceTree = "<group>";
		};
		4FDEB6BE292517E500324B24 /* OrkhestraWatch Watch App */ = {
			isa = PBXGroup;
			children = (
				9CEEDCBB292A7E670052646D /* Sounds */,
				8BA409B32929D2B3000FF0F0 /* InstrumentModel.swift */,
				8BA409AE2927FCDC000FF0F0 /* HistoryModelWatchApp.swift */,
				4FDEB6BF292517E500324B24 /* OrkhestraWatchApp.swift */,
				4FDEB6C1292517E500324B24 /* MenuViewWatchApp.swift */,
				8BA409B12928047D000FF0F0 /* HistoryViewModel.swift */,
				4FDEB6CB2925277A00324B24 /* InstrumentsView.swift */,
				9C271CB42927E80800EFB73F /* AudioModel.swift */,
				4FE7AABA2927BD8C007CFC0E /* CircularProgressView.swift */,
				4F270A312927B254006F0EC7 /* ChallengeWatchView.swift */,
				4FA7A87E292AE6BD0018B8A7 /* PlayOrkhestraView.swift */,
				4FDEB6C3292517E600324B24 /* Assets.xcassets */,
				4FDEB6C5292517E600324B24 /* Preview Content */,
			);
			path = "OrkhestraWatch Watch App";
			sourceTree = "<group>";
		};
		4FDEB6C5292517E600324B24 /* Preview Content */ = {
			isa = PBXGroup;
			children = (
				4FDEB6C6292517E600324B24 /* Preview Assets.xcassets */,
			);
			path = "Preview Content";
			sourceTree = "<group>";
		};
		8BEBCACA292B02F300F53786 /* Sounds */ = {
			isa = PBXGroup;
			children = (
				8BEBCACB292B02F300F53786 /* Pandeiro.mp3 */,
				8BEBCACC292B02F300F53786 /* Sax.mp3 */,
				8BEBCACD292B02F300F53786 /* Piano.mp3 */,
				8BEBCACE292B02F300F53786 /* Chocalho.mp3 */,
				8BEBCACF292B02F300F53786 /* Flauta.mp3 */,
				8BEBCAD0292B02F300F53786 /* Violão.mp3 */,
			);
			path = Sounds;
			sourceTree = "<group>";
		};
		9C41385B2919413B00AB8F60 /* ViewModels */ = {
			isa = PBXGroup;
			children = (
				9CDB40BC291B4B940077D0EF /* HistoryViewModel.swift */,
			);
			path = ViewModels;
			sourceTree = "<group>";
		};
		9C41385C2919414C00AB8F60 /* Views */ = {
			isa = PBXGroup;
			children = (
				4F92C5E329192DDD002FA763 /* HistoryView.swift */,
				9CA52FE6291A1DD60030C96B /* SheetView.swift */,
				8BC1609A291A9DA700A73AD6 /* CardView.swift */,
				8BC1609C291AA44C00A73AD6 /* GameView.swift */,
				8BB2D770291D376B007F8043 /* CountDownView.swift */,
				8BB2D774291E093D007F8043 /* OrchestraView.swift */,
			);
			path = Views;
			sourceTree = "<group>";
		};
		9C41385D2919416200AB8F60 /* Models */ = {
			isa = PBXGroup;
			children = (
				8BC16098291A9C0900A73AD6 /* CardModel.swift */,
				8BD111B4291BF9A000F77DEA /* AudioManager.swift */,
				8B90C806292274E400AC0F11 /* HistoryModel.swift */,
			);
			path = Models;
			sourceTree = "<group>";
		};
		9C534907291BE4C500899721 /* Fonts */ = {
			isa = PBXGroup;
			children = (
				9C534909291BE61500899721 /* RubikBubbles-Regular.ttf */,
			);
			path = Fonts;
			sourceTree = "<group>";
		};
		9CEEDCBB292A7E670052646D /* Sounds */ = {
			isa = PBXGroup;
			children = (
				9C271CB72927E84900EFB73F /* Pandeiro.mp3 */,
				9C271CB92927E84900EFB73F /* Flauta.mp3 */,
				9C271CBA2927E84900EFB73F /* Saxofone.mp3 */,
				9C271CBB2927E84900EFB73F /* Piano.mp3 */,
				9C271CBC2927E84900EFB73F /* Violão.mp3 */,
				9C271CB82927E84900EFB73F /* Chocalho.mp3 */,
			);
			name = Sounds;
			path = ..;
			sourceTree = "<group>";
		};
/* End PBXGroup section */

/* Begin PBXNativeTarget section */
		4F92C5DD29192DDD002FA763 /* Challenge05 */ = {
			isa = PBXNativeTarget;
			buildConfigurationList = 4F92C5EC29192DDE002FA763 /* Build configuration list for PBXNativeTarget "Challenge05" */;
			buildPhases = (
				4F92C5DA29192DDD002FA763 /* Sources */,
				4F92C5DB29192DDD002FA763 /* Frameworks */,
				4F92C5DC29192DDD002FA763 /* Resources */,
				4F92C5EF29193CDC002FA763 /* ShellScript */,
			);
			buildRules = (
			);
			dependencies = (
			);
			name = Challenge05;
			productName = Challenge05;
			productReference = 4F92C5DE29192DDD002FA763 /* Challenge05.app */;
			productType = "com.apple.product-type.application";
		};
		4FDEB6BC292517E500324B24 /* orkhestraWatch Watch App */ = {
			isa = PBXNativeTarget;
			buildConfigurationList = 4FDEB6C8292517E600324B24 /* Build configuration list for PBXNativeTarget "orkhestraWatch Watch App" */;
			buildPhases = (
				4FDEB6B9292517E500324B24 /* Sources */,
				4FDEB6BA292517E500324B24 /* Frameworks */,
				4FDEB6BB292517E500324B24 /* Resources */,
			);
			buildRules = (
			);
			dependencies = (
			);
			name = "orkhestraWatch Watch App";
			productName = "orkhestraWatch Watch App";
			productReference = 4FDEB6BD292517E500324B24 /* orkhestraWatch Watch App.app */;
			productType = "com.apple.product-type.application";
		};
/* End PBXNativeTarget section */

/* Begin PBXProject section */
		4F92C5D629192DDD002FA763 /* Project object */ = {
			isa = PBXProject;
			attributes = {
				BuildIndependentTargetsInParallel = 1;
				LastSwiftUpdateCheck = 1410;
				LastUpgradeCheck = 1410;
				TargetAttributes = {
					4F92C5DD29192DDD002FA763 = {
						CreatedOnToolsVersion = 14.1;
					};
					4FDEB6BC292517E500324B24 = {
						CreatedOnToolsVersion = 14.1;
					};
				};
			};
			buildConfigurationList = 4F92C5D929192DDD002FA763 /* Build configuration list for PBXProject "Challenge05" */;
			compatibilityVersion = "Xcode 14.0";
			developmentRegion = en;
			hasScannedForEncodings = 0;
			knownRegions = (
				en,
				Base,
			);
			mainGroup = 4F92C5D529192DDD002FA763;
			productRefGroup = 4F92C5DF29192DDD002FA763 /* Products */;
			projectDirPath = "";
			projectRoot = "";
			targets = (
				4F92C5DD29192DDD002FA763 /* Challenge05 */,
				4FDEB6BC292517E500324B24 /* orkhestraWatch Watch App */,
			);
		};
/* End PBXProject section */

/* Begin PBXResourcesBuildPhase section */
		4F92C5DC29192DDD002FA763 /* Resources */ = {
			isa = PBXResourcesBuildPhase;
			buildActionMask = 2147483647;
			files = (
				4F92C5E929192DDE002FA763 /* Preview Assets.xcassets in Resources */,
				8BEBCAD4292B02F300F53786 /* Chocalho.mp3 in Resources */,
				8BEBCAD2292B02F300F53786 /* Sax.mp3 in Resources */,
				4F4D8E07292675500081403E /* Aranha.mp3 in Resources */,
				8BEBCAD5292B02F300F53786 /* Flauta.mp3 in Resources */,
				8BEBCAD3292B02F300F53786 /* Piano.mp3 in Resources */,
				8BEBCAD1292B02F300F53786 /* Pandeiro.mp3 in Resources */,
				9C53490A291BE61500899721 /* RubikBubbles-Regular.ttf in Resources */,
				4F4D8E09292675500081403E /* Barata.mp3 in Resources */,
				4F92C5E629192DDE002FA763 /* Assets.xcassets in Resources */,
				8BEBCAD6292B02F300F53786 /* Violão.mp3 in Resources */,
				4F4D8E08292675500081403E /* Borboleta.mp3 in Resources */,
			);
			runOnlyForDeploymentPostprocessing = 0;
		};
		4FDEB6BB292517E500324B24 /* Resources */ = {
			isa = PBXResourcesBuildPhase;
			buildActionMask = 2147483647;
			files = (
				9C271CBD2927E84900EFB73F /* Pandeiro.mp3 in Resources */,
				4FDEB6C7292517E600324B24 /* Preview Assets.xcassets in Resources */,
				9C271CBF2927E84900EFB73F /* Flauta.mp3 in Resources */,
				9C271CC02927E84900EFB73F /* Saxofone.mp3 in Resources */,
				4FDEB6C4292517E600324B24 /* Assets.xcassets in Resources */,
				9C271CC12927E84900EFB73F /* Piano.mp3 in Resources */,
				9C271CC22927E84900EFB73F /* Violão.mp3 in Resources */,
				9C271CBE2927E84900EFB73F /* Chocalho.mp3 in Resources */,
			);
			runOnlyForDeploymentPostprocessing = 0;
		};
/* End PBXResourcesBuildPhase section */

/* Begin PBXShellScriptBuildPhase section */
		4F92C5EF29193CDC002FA763 /* ShellScript */ = {
			isa = PBXShellScriptBuildPhase;
			buildActionMask = 2147483647;
			files = (
			);
			inputFileListPaths = (
			);
			inputPaths = (
			);
			outputFileListPaths = (
			);
			outputPaths = (
			);
			runOnlyForDeploymentPostprocessing = 0;
			shellPath = /bin/sh;
			shellScript = "export PATH=\"$PATH:/opt/homebrew/bin\"\nif which swiftlint > /dev/null; then\n  swiftlint\nelse\n  echo \"warning: SwiftLint not installed, download from https://github.com/realm/SwiftLint\"\nfi\n";
		};
/* End PBXShellScriptBuildPhase section */

/* Begin PBXSourcesBuildPhase section */
		4F92C5DA29192DDD002FA763 /* Sources */ = {
			isa = PBXSourcesBuildPhase;
			buildActionMask = 2147483647;
			files = (
				8BB2D771291D376B007F8043 /* CountDownView.swift in Sources */,
				4F92C5E429192DDD002FA763 /* HistoryView.swift in Sources */,
				9CA52FE7291A1DD60030C96B /* SheetView.swift in Sources */,
				8BC16099291A9C0900A73AD6 /* CardModel.swift in Sources */,
				8BD111B5291BF9A000F77DEA /* AudioManager.swift in Sources */,
				8B90C807292274E400AC0F11 /* HistoryModel.swift in Sources */,
				8BB2D775291E093D007F8043 /* OrchestraView.swift in Sources */,
				8BA409B6292A99BC000FF0F0 /* Extensions.swift in Sources */,
				8BC1609B291A9DA700A73AD6 /* CardView.swift in Sources */,
				4F92C5E229192DDD002FA763 /* OrkhestraApp.swift in Sources */,
				9CDB40BD291B4B940077D0EF /* HistoryViewModel.swift in Sources */,
				8BC1609D291AA44C00A73AD6 /* GameView.swift in Sources */,
			);
			runOnlyForDeploymentPostprocessing = 0;
		};
		4FDEB6B9292517E500324B24 /* Sources */ = {
			isa = PBXSourcesBuildPhase;
			buildActionMask = 2147483647;
			files = (
				4F270A322927B254006F0EC7 /* ChallengeWatchView.swift in Sources */,
				4FDEB6C2292517E500324B24 /* MenuViewWatchApp.swift in Sources */,
				8BA409AF2927FCDC000FF0F0 /* HistoryModelWatchApp.swift in Sources */,
				4FDEB6CC2925277A00324B24 /* InstrumentsView.swift in Sources */,
				4FE7AABB2927BD8C007CFC0E /* CircularProgressView.swift in Sources */,
				9C271CB52927E80800EFB73F /* AudioModel.swift in Sources */,
				4FDEB6C0292517E500324B24 /* OrkhestraWatchApp.swift in Sources */,
				8BA409B42929D2B3000FF0F0 /* InstrumentModel.swift in Sources */,
				4FA7A87F292AE6BD0018B8A7 /* PlayOrkhestraView.swift in Sources */,
				8BA409B22928047D000FF0F0 /* HistoryViewModel.swift in Sources */,
			);
			runOnlyForDeploymentPostprocessing = 0;
		};
/* End PBXSourcesBuildPhase section */

/* Begin XCBuildConfiguration section */
		4F92C5EA29192DDE002FA763 /* Debug */ = {
			isa = XCBuildConfiguration;
			buildSettings = {
				ALWAYS_SEARCH_USER_PATHS = NO;
				CLANG_ANALYZER_NONNULL = YES;
				CLANG_ANALYZER_NUMBER_OBJECT_CONVERSION = YES_AGGRESSIVE;
				CLANG_CXX_LANGUAGE_STANDARD = "gnu++20";
				CLANG_ENABLE_MODULES = YES;
				CLANG_ENABLE_OBJC_ARC = YES;
				CLANG_ENABLE_OBJC_WEAK = YES;
				CLANG_WARN_BLOCK_CAPTURE_AUTORELEASING = YES;
				CLANG_WARN_BOOL_CONVERSION = YES;
				CLANG_WARN_COMMA = YES;
				CLANG_WARN_CONSTANT_CONVERSION = YES;
				CLANG_WARN_DEPRECATED_OBJC_IMPLEMENTATIONS = YES;
				CLANG_WARN_DIRECT_OBJC_ISA_USAGE = YES_ERROR;
				CLANG_WARN_DOCUMENTATION_COMMENTS = YES;
				CLANG_WARN_EMPTY_BODY = YES;
				CLANG_WARN_ENUM_CONVERSION = YES;
				CLANG_WARN_INFINITE_RECURSION = YES;
				CLANG_WARN_INT_CONVERSION = YES;
				CLANG_WARN_NON_LITERAL_NULL_CONVERSION = YES;
				CLANG_WARN_OBJC_IMPLICIT_RETAIN_SELF = YES;
				CLANG_WARN_OBJC_LITERAL_CONVERSION = YES;
				CLANG_WARN_OBJC_ROOT_CLASS = YES_ERROR;
				CLANG_WARN_QUOTED_INCLUDE_IN_FRAMEWORK_HEADER = YES;
				CLANG_WARN_RANGE_LOOP_ANALYSIS = YES;
				CLANG_WARN_STRICT_PROTOTYPES = YES;
				CLANG_WARN_SUSPICIOUS_MOVE = YES;
				CLANG_WARN_UNGUARDED_AVAILABILITY = YES_AGGRESSIVE;
				CLANG_WARN_UNREACHABLE_CODE = YES;
				CLANG_WARN__DUPLICATE_METHOD_MATCH = YES;
				COPY_PHASE_STRIP = NO;
				DEBUG_INFORMATION_FORMAT = dwarf;
				ENABLE_STRICT_OBJC_MSGSEND = YES;
				ENABLE_TESTABILITY = YES;
				GCC_C_LANGUAGE_STANDARD = gnu11;
				GCC_DYNAMIC_NO_PIC = NO;
				GCC_NO_COMMON_BLOCKS = YES;
				GCC_OPTIMIZATION_LEVEL = 0;
				GCC_PREPROCESSOR_DEFINITIONS = (
					"DEBUG=1",
					"$(inherited)",
				);
				GCC_WARN_64_TO_32_BIT_CONVERSION = YES;
				GCC_WARN_ABOUT_RETURN_TYPE = YES_ERROR;
				GCC_WARN_UNDECLARED_SELECTOR = YES;
				GCC_WARN_UNINITIALIZED_AUTOS = YES_AGGRESSIVE;
				GCC_WARN_UNUSED_FUNCTION = YES;
				GCC_WARN_UNUSED_VARIABLE = YES;
				IPHONEOS_DEPLOYMENT_TARGET = 16.1;
				MTL_ENABLE_DEBUG_INFO = INCLUDE_SOURCE;
				MTL_FAST_MATH = YES;
				ONLY_ACTIVE_ARCH = YES;
				SDKROOT = iphoneos;
				SWIFT_ACTIVE_COMPILATION_CONDITIONS = DEBUG;
				SWIFT_OPTIMIZATION_LEVEL = "-Onone";
			};
			name = Debug;
		};
		4F92C5EB29192DDE002FA763 /* Release */ = {
			isa = XCBuildConfiguration;
			buildSettings = {
				ALWAYS_SEARCH_USER_PATHS = NO;
				CLANG_ANALYZER_NONNULL = YES;
				CLANG_ANALYZER_NUMBER_OBJECT_CONVERSION = YES_AGGRESSIVE;
				CLANG_CXX_LANGUAGE_STANDARD = "gnu++20";
				CLANG_ENABLE_MODULES = YES;
				CLANG_ENABLE_OBJC_ARC = YES;
				CLANG_ENABLE_OBJC_WEAK = YES;
				CLANG_WARN_BLOCK_CAPTURE_AUTORELEASING = YES;
				CLANG_WARN_BOOL_CONVERSION = YES;
				CLANG_WARN_COMMA = YES;
				CLANG_WARN_CONSTANT_CONVERSION = YES;
				CLANG_WARN_DEPRECATED_OBJC_IMPLEMENTATIONS = YES;
				CLANG_WARN_DIRECT_OBJC_ISA_USAGE = YES_ERROR;
				CLANG_WARN_DOCUMENTATION_COMMENTS = YES;
				CLANG_WARN_EMPTY_BODY = YES;
				CLANG_WARN_ENUM_CONVERSION = YES;
				CLANG_WARN_INFINITE_RECURSION = YES;
				CLANG_WARN_INT_CONVERSION = YES;
				CLANG_WARN_NON_LITERAL_NULL_CONVERSION = YES;
				CLANG_WARN_OBJC_IMPLICIT_RETAIN_SELF = YES;
				CLANG_WARN_OBJC_LITERAL_CONVERSION = YES;
				CLANG_WARN_OBJC_ROOT_CLASS = YES_ERROR;
				CLANG_WARN_QUOTED_INCLUDE_IN_FRAMEWORK_HEADER = YES;
				CLANG_WARN_RANGE_LOOP_ANALYSIS = YES;
				CLANG_WARN_STRICT_PROTOTYPES = YES;
				CLANG_WARN_SUSPICIOUS_MOVE = YES;
				CLANG_WARN_UNGUARDED_AVAILABILITY = YES_AGGRESSIVE;
				CLANG_WARN_UNREACHABLE_CODE = YES;
				CLANG_WARN__DUPLICATE_METHOD_MATCH = YES;
				COPY_PHASE_STRIP = NO;
				DEBUG_INFORMATION_FORMAT = "dwarf-with-dsym";
				ENABLE_NS_ASSERTIONS = NO;
				ENABLE_STRICT_OBJC_MSGSEND = YES;
				GCC_C_LANGUAGE_STANDARD = gnu11;
				GCC_NO_COMMON_BLOCKS = YES;
				GCC_WARN_64_TO_32_BIT_CONVERSION = YES;
				GCC_WARN_ABOUT_RETURN_TYPE = YES_ERROR;
				GCC_WARN_UNDECLARED_SELECTOR = YES;
				GCC_WARN_UNINITIALIZED_AUTOS = YES_AGGRESSIVE;
				GCC_WARN_UNUSED_FUNCTION = YES;
				GCC_WARN_UNUSED_VARIABLE = YES;
				IPHONEOS_DEPLOYMENT_TARGET = 16.1;
				MTL_ENABLE_DEBUG_INFO = NO;
				MTL_FAST_MATH = YES;
				SDKROOT = iphoneos;
				SWIFT_COMPILATION_MODE = wholemodule;
				SWIFT_OPTIMIZATION_LEVEL = "-O";
				VALIDATE_PRODUCT = YES;
			};
			name = Release;
		};
		4F92C5ED29192DDE002FA763 /* Debug */ = {
			isa = XCBuildConfiguration;
			buildSettings = {
				ASSETCATALOG_COMPILER_APPICON_NAME = AppIcon;
				ASSETCATALOG_COMPILER_GLOBAL_ACCENT_COLOR_NAME = AccentColor;
				CODE_SIGN_STYLE = Automatic;
				CURRENT_PROJECT_VERSION = 1;
				DEVELOPMENT_ASSET_PATHS = "\"Challenge05/Preview Content\"";
				DEVELOPMENT_TEAM = YFB3KM7U74;
				ENABLE_PREVIEWS = YES;
				GENERATE_INFOPLIST_FILE = YES;
				INFOPLIST_FILE = Challenge05/Info.plist;
				INFOPLIST_KEY_CFBundleDisplayName = "Orkhéstra";
				INFOPLIST_KEY_UIApplicationSceneManifest_Generation = YES;
				INFOPLIST_KEY_UIApplicationSupportsIndirectInputEvents = YES;
				INFOPLIST_KEY_UILaunchScreen_Generation = YES;
				INFOPLIST_KEY_UISupportedInterfaceOrientations_iPad = "UIInterfaceOrientationPortrait UIInterfaceOrientationPortraitUpsideDown UIInterfaceOrientationLandscapeLeft UIInterfaceOrientationLandscapeRight";
				INFOPLIST_KEY_UISupportedInterfaceOrientations_iPhone = "UIInterfaceOrientationPortrait UIInterfaceOrientationLandscapeLeft UIInterfaceOrientationLandscapeRight";
				IPHONEOS_DEPLOYMENT_TARGET = 15.0;
				LD_RUNPATH_SEARCH_PATHS = (
					"$(inherited)",
					"@executable_path/Frameworks",
				);
				MARKETING_VERSION = 1.0;
				PRODUCT_BUNDLE_IDENTIFIER = com.brunance.Challenge05;
				PRODUCT_NAME = "$(TARGET_NAME)";
				SWIFT_EMIT_LOC_STRINGS = YES;
				SWIFT_VERSION = 5.0;
				TARGETED_DEVICE_FAMILY = "1,2";
			};
			name = Debug;
		};
		4F92C5EE29192DDE002FA763 /* Release */ = {
			isa = XCBuildConfiguration;
			buildSettings = {
				ASSETCATALOG_COMPILER_APPICON_NAME = AppIcon;
				ASSETCATALOG_COMPILER_GLOBAL_ACCENT_COLOR_NAME = AccentColor;
				CODE_SIGN_STYLE = Automatic;
				CURRENT_PROJECT_VERSION = 1;
				DEVELOPMENT_ASSET_PATHS = "\"Challenge05/Preview Content\"";
				DEVELOPMENT_TEAM = YFB3KM7U74;
				ENABLE_PREVIEWS = YES;
				GENERATE_INFOPLIST_FILE = YES;
				INFOPLIST_FILE = Challenge05/Info.plist;
				INFOPLIST_KEY_CFBundleDisplayName = "Orkhéstra";
				INFOPLIST_KEY_UIApplicationSceneManifest_Generation = YES;
				INFOPLIST_KEY_UIApplicationSupportsIndirectInputEvents = YES;
				INFOPLIST_KEY_UILaunchScreen_Generation = YES;
				INFOPLIST_KEY_UISupportedInterfaceOrientations_iPad = "UIInterfaceOrientationPortrait UIInterfaceOrientationPortraitUpsideDown UIInterfaceOrientationLandscapeLeft UIInterfaceOrientationLandscapeRight";
				INFOPLIST_KEY_UISupportedInterfaceOrientations_iPhone = "UIInterfaceOrientationPortrait UIInterfaceOrientationLandscapeLeft UIInterfaceOrientationLandscapeRight";
				IPHONEOS_DEPLOYMENT_TARGET = 15.0;
				LD_RUNPATH_SEARCH_PATHS = (
					"$(inherited)",
					"@executable_path/Frameworks",
				);
				MARKETING_VERSION = 1.0;
				PRODUCT_BUNDLE_IDENTIFIER = com.brunance.Challenge05;
				PRODUCT_NAME = "$(TARGET_NAME)";
				SWIFT_EMIT_LOC_STRINGS = YES;
				SWIFT_VERSION = 5.0;
				TARGETED_DEVICE_FAMILY = "1,2";
			};
			name = Release;
		};
		4FDEB6C9292517E600324B24 /* Debug */ = {
			isa = XCBuildConfiguration;
			buildSettings = {
				ASSETCATALOG_COMPILER_APPICON_NAME = AppIcon;
				ASSETCATALOG_COMPILER_GLOBAL_ACCENT_COLOR_NAME = AccentColor;
				CODE_SIGN_STYLE = Automatic;
				CURRENT_PROJECT_VERSION = 1;
				DEVELOPMENT_ASSET_PATHS = "\"orkhestraWatch Watch App/Preview Content\"";
				DEVELOPMENT_TEAM = YFB3KM7U74;
				ENABLE_PREVIEWS = YES;
				GENERATE_INFOPLIST_FILE = YES;
				INFOPLIST_KEY_CFBundleDisplayName = orkhestraWatch;
				INFOPLIST_KEY_UISupportedInterfaceOrientations = "UIInterfaceOrientationPortrait UIInterfaceOrientationPortraitUpsideDown";
				INFOPLIST_KEY_WKCompanionAppBundleIdentifier = "";
				LD_RUNPATH_SEARCH_PATHS = (
					"$(inherited)",
					"@executable_path/Frameworks",
				);
				MARKETING_VERSION = 1.0;
				PRODUCT_BUNDLE_IDENTIFIER = .com.ruan.developer;
				PRODUCT_NAME = "$(TARGET_NAME)";
				SDKROOT = watchos;
				SKIP_INSTALL = YES;
				SWIFT_EMIT_LOC_STRINGS = YES;
				SWIFT_VERSION = 5.0;
				TARGETED_DEVICE_FAMILY = 4;
				WATCHOS_DEPLOYMENT_TARGET = 9.1;
			};
			name = Debug;
		};
		4FDEB6CA292517E600324B24 /* Release */ = {
			isa = XCBuildConfiguration;
			buildSettings = {
				ASSETCATALOG_COMPILER_APPICON_NAME = AppIcon;
				ASSETCATALOG_COMPILER_GLOBAL_ACCENT_COLOR_NAME = AccentColor;
				CODE_SIGN_STYLE = Automatic;
				CURRENT_PROJECT_VERSION = 1;
				DEVELOPMENT_ASSET_PATHS = "\"orkhestraWatch Watch App/Preview Content\"";
				DEVELOPMENT_TEAM = YFB3KM7U74;
				ENABLE_PREVIEWS = YES;
				GENERATE_INFOPLIST_FILE = YES;
				INFOPLIST_KEY_CFBundleDisplayName = orkhestraWatch;
				INFOPLIST_KEY_UISupportedInterfaceOrientations = "UIInterfaceOrientationPortrait UIInterfaceOrientationPortraitUpsideDown";
				INFOPLIST_KEY_WKCompanionAppBundleIdentifier = "";
				LD_RUNPATH_SEARCH_PATHS = (
					"$(inherited)",
					"@executable_path/Frameworks",
				);
				MARKETING_VERSION = 1.0;
				PRODUCT_BUNDLE_IDENTIFIER = .com.ruan.developer;
				PRODUCT_NAME = "$(TARGET_NAME)";
				SDKROOT = watchos;
				SKIP_INSTALL = YES;
				SWIFT_EMIT_LOC_STRINGS = YES;
				SWIFT_VERSION = 5.0;
				TARGETED_DEVICE_FAMILY = 4;
				WATCHOS_DEPLOYMENT_TARGET = 9.1;
			};
			name = Release;
		};
/* End XCBuildConfiguration section */

/* Begin XCConfigurationList section */
		4F92C5D929192DDD002FA763 /* Build configuration list for PBXProject "Challenge05" */ = {
			isa = XCConfigurationList;
			buildConfigurations = (
				4F92C5EA29192DDE002FA763 /* Debug */,
				4F92C5EB29192DDE002FA763 /* Release */,
			);
			defaultConfigurationIsVisible = 0;
			defaultConfigurationName = Release;
		};
		4F92C5EC29192DDE002FA763 /* Build configuration list for PBXNativeTarget "Challenge05" */ = {
			isa = XCConfigurationList;
			buildConfigurations = (
				4F92C5ED29192DDE002FA763 /* Debug */,
				4F92C5EE29192DDE002FA763 /* Release */,
			);
			defaultConfigurationIsVisible = 0;
			defaultConfigurationName = Release;
		};
		4FDEB6C8292517E600324B24 /* Build configuration list for PBXNativeTarget "orkhestraWatch Watch App" */ = {
			isa = XCConfigurationList;
			buildConfigurations = (
				4FDEB6C9292517E600324B24 /* Debug */,
				4FDEB6CA292517E600324B24 /* Release */,
			);
			defaultConfigurationIsVisible = 0;
			defaultConfigurationName = Release;
		};
/* End XCConfigurationList section */
	};
	rootObject = 4F92C5D629192DDD002FA763 /* Project object */;
}
